
Microsoft Visual Studio Solution File, Format Version 12.00
# Visual Studio Version 17
VisualStudioVersion = 17.11.35327.3
MinimumVisualStudioVersion = 10.0.40219.1
Project("{8BC9CEB8-8B4A-11D0-8D11-00A0C91BC942}") = "C++THread", "C++THread.vcxproj", "{CE94027A-D6D0-4DDB-A1EF-452A22EECC27}"
EndProject
Project("{8BC9CEB8-8B4A-11D0-8D11-00A0C91BC942}") = "스레드스케줄링1. 라운드로빈", "..\스레드스케줄링\스레드스케줄링.vcxproj", "{7694419A-6AD9-4E88-8478-F74F8C8294A7}"
EndProject
Project("{8BC9CEB8-8B4A-11D0-8D11-00A0C91BC942}") = "스레스스케줄링2.우선순위기반스케줄링", "..\스레스스케줄링2.우선순위기반스케줄링\스레스스케줄링2.우선순위기반스케줄링.vcxproj", "{344987A2-EE64-4CFE-A7F6-3A91B2189A9A}"
EndProject
Project("{8BC9CEB8-8B4A-11D0-8D11-00A0C91BC942}") = "mutex", "..\mutex\mutex.vcxproj", "{4081650A-2D01-4E71-837F-553999B3F20B}"
EndProject
Project("{8BC9CEB8-8B4A-11D0-8D11-00A0C91BC942}") = "lock_guard()", "..\lock_guard()\lock_guard().vcxproj", "{0F072027-4A22-406C-9FC4-96A4F25B98C1}"
EndProject
Project("{8BC9CEB8-8B4A-11D0-8D11-00A0C91BC942}") = "실습2.공유자원보호하기", "..\실습2.공유자원보호하기\실습2.공유자원보호하기.vcxproj", "{8EC1FD52-3480-4C4A-82ED-1B6DDAB97240}"
EndProject
Project("{8BC9CEB8-8B4A-11D0-8D11-00A0C91BC942}") = "atomic", "..\atomic\atomic.vcxproj", "{7CABFC27-B9D2-44B5-988E-CEA7726E17DB}"
EndProject
Global
	GlobalSection(SolutionConfigurationPlatforms) = preSolution
		Debug|x64 = Debug|x64
		Debug|x86 = Debug|x86
		Release|x64 = Release|x64
		Release|x86 = Release|x86
	EndGlobalSection
	GlobalSection(ProjectConfigurationPlatforms) = postSolution
		{CE94027A-D6D0-4DDB-A1EF-452A22EECC27}.Debug|x64.ActiveCfg = Debug|x64
		{CE94027A-D6D0-4DDB-A1EF-452A22EECC27}.Debug|x64.Build.0 = Debug|x64
		{CE94027A-D6D0-4DDB-A1EF-452A22EECC27}.Debug|x86.ActiveCfg = Debug|Win32
		{CE94027A-D6D0-4DDB-A1EF-452A22EECC27}.Debug|x86.Build.0 = Debug|Win32
		{CE94027A-D6D0-4DDB-A1EF-452A22EECC27}.Release|x64.ActiveCfg = Release|x64
		{CE94027A-D6D0-4DDB-A1EF-452A22EECC27}.Release|x64.Build.0 = Release|x64
		{CE94027A-D6D0-4DDB-A1EF-452A22EECC27}.Release|x86.ActiveCfg = Release|Win32
		{CE94027A-D6D0-4DDB-A1EF-452A22EECC27}.Release|x86.Build.0 = Release|Win32
		{7694419A-6AD9-4E88-8478-F74F8C8294A7}.Debug|x64.ActiveCfg = Debug|x64
		{7694419A-6AD9-4E88-8478-F74F8C8294A7}.Debug|x64.Build.0 = Debug|x64
		{7694419A-6AD9-4E88-8478-F74F8C8294A7}.Debug|x86.ActiveCfg = Debug|Win32
		{7694419A-6AD9-4E88-8478-F74F8C8294A7}.Debug|x86.Build.0 = Debug|Win32
		{7694419A-6AD9-4E88-8478-F74F8C8294A7}.Release|x64.ActiveCfg = Release|x64
		{7694419A-6AD9-4E88-8478-F74F8C8294A7}.Release|x64.Build.0 = Release|x64
		{7694419A-6AD9-4E88-8478-F74F8C8294A7}.Release|x86.ActiveCfg = Release|Win32
		{7694419A-6AD9-4E88-8478-F74F8C8294A7}.Release|x86.Build.0 = Release|Win32
		{344987A2-EE64-4CFE-A7F6-3A91B2189A9A}.Debug|x64.ActiveCfg = Debug|x64
		{344987A2-EE64-4CFE-A7F6-3A91B2189A9A}.Debug|x64.Build.0 = Debug|x64
		{344987A2-EE64-4CFE-A7F6-3A91B2189A9A}.Debug|x86.ActiveCfg = Debug|Win32
		{344987A2-EE64-4CFE-A7F6-3A91B2189A9A}.Debug|x86.Build.0 = Debug|Win32
		{344987A2-EE64-4CFE-A7F6-3A91B2189A9A}.Release|x64.ActiveCfg = Release|x64
		{344987A2-EE64-4CFE-A7F6-3A91B2189A9A}.Release|x64.Build.0 = Release|x64
		{344987A2-EE64-4CFE-A7F6-3A91B2189A9A}.Release|x86.ActiveCfg = Release|Win32
		{344987A2-EE64-4CFE-A7F6-3A91B2189A9A}.Release|x86.Build.0 = Release|Win32
		{4081650A-2D01-4E71-837F-553999B3F20B}.Debug|x64.ActiveCfg = Debug|x64
		{4081650A-2D01-4E71-837F-553999B3F20B}.Debug|x64.Build.0 = Debug|x64
		{4081650A-2D01-4E71-837F-553999B3F20B}.Debug|x86.ActiveCfg = Debug|Win32
		{4081650A-2D01-4E71-837F-553999B3F20B}.Debug|x86.Build.0 = Debug|Win32
		{4081650A-2D01-4E71-837F-553999B3F20B}.Release|x64.ActiveCfg = Release|x64
		{4081650A-2D01-4E71-837F-553999B3F20B}.Release|x64.Build.0 = Release|x64
		{4081650A-2D01-4E71-837F-553999B3F20B}.Release|x86.ActiveCfg = Release|Win32
		{4081650A-2D01-4E71-837F-553999B3F20B}.Release|x86.Build.0 = Release|Win32
		{0F072027-4A22-406C-9FC4-96A4F25B98C1}.Debug|x64.ActiveCfg = Debug|x64
		{0F072027-4A22-406C-9FC4-96A4F25B98C1}.Debug|x64.Build.0 = Debug|x64
		{0F072027-4A22-406C-9FC4-96A4F25B98C1}.Debug|x86.ActiveCfg = Debug|Win32
		{0F072027-4A22-406C-9FC4-96A4F25B98C1}.Debug|x86.Build.0 = Debug|Win32
		{0F072027-4A22-406C-9FC4-96A4F25B98C1}.Release|x64.ActiveCfg = Release|x64
		{0F072027-4A22-406C-9FC4-96A4F25B98C1}.Release|x64.Build.0 = Release|x64
		{0F072027-4A22-406C-9FC4-96A4F25B98C1}.Release|x86.ActiveCfg = Release|Win32
		{0F072027-4A22-406C-9FC4-96A4F25B98C1}.Release|x86.Build.0 = Release|Win32
		{8EC1FD52-3480-4C4A-82ED-1B6DDAB97240}.Debug|x64.ActiveCfg = Debug|x64
		{8EC1FD52-3480-4C4A-82ED-1B6DDAB97240}.Debug|x64.Build.0 = Debug|x64
		{8EC1FD52-3480-4C4A-82ED-1B6DDAB97240}.Debug|x86.ActiveCfg = Debug|Win32
		{8EC1FD52-3480-4C4A-82ED-1B6DDAB97240}.Debug|x86.Build.0 = Debug|Win32
		{8EC1FD52-3480-4C4A-82ED-1B6DDAB97240}.Release|x64.ActiveCfg = Release|x64
		{8EC1FD52-3480-4C4A-82ED-1B6DDAB97240}.Release|x64.Build.0 = Release|x64
		{8EC1FD52-3480-4C4A-82ED-1B6DDAB97240}.Release|x86.ActiveCfg = Release|Win32
		{8EC1FD52-3480-4C4A-82ED-1B6DDAB97240}.Release|x86.Build.0 = Release|Win32
		{7CABFC27-B9D2-44B5-988E-CEA7726E17DB}.Debug|x64.ActiveCfg = Debug|x64
		{7CABFC27-B9D2-44B5-988E-CEA7726E17DB}.Debug|x64.Build.0 = Debug|x64
		{7CABFC27-B9D2-44B5-988E-CEA7726E17DB}.Debug|x86.ActiveCfg = Debug|Win32
		{7CABFC27-B9D2-44B5-988E-CEA7726E17DB}.Debug|x86.Build.0 = Debug|Win32
		{7CABFC27-B9D2-44B5-988E-CEA7726E17DB}.Release|x64.ActiveCfg = Release|x64
		{7CABFC27-B9D2-44B5-988E-CEA7726E17DB}.Release|x64.Build.0 = Release|x64
		{7CABFC27-B9D2-44B5-988E-CEA7726E17DB}.Release|x86.ActiveCfg = Release|Win32
		{7CABFC27-B9D2-44B5-988E-CEA7726E17DB}.Release|x86.Build.0 = Release|Win32
	EndGlobalSection
	GlobalSection(SolutionProperties) = preSolution
		HideSolutionNode = FALSE
	EndGlobalSection
	GlobalSection(ExtensibilityGlobals) = postSolution
		SolutionGuid = {539966F8-57A1-46A8-B250-8A91A9593279}
	EndGlobalSection
EndGlobal
